
Microsoft Visual Studio Solution File, Format Version 12.00
# Visual Studio 2013
VisualStudioVersion = 12.0.21005.1
MinimumVisualStudioVersion = 10.0.40219.1
Project("{8BC9CEB8-8B4A-11D0-8D11-00A0C91BC942}") = "C语言刷题第十讲", "C语言刷题第十讲\C语言刷题第十讲.vcxproj", "{B9059AA3-0F63-499E-BF76-7A033F5CB101}"
EndProject
Global
	GlobalSection(SolutionConfigurationPlatforms) = preSolution
		Debug|Win32 = Debug|Win32
		Release|Win32 = Release|Win32
	EndGlobalSection
	GlobalSection(ProjectConfigurationPlatforms) = postSolution
		{B9059AA3-0F63-499E-BF76-7A033F5CB101}.Debug|Win32.ActiveCfg = Debug|Win32
		{B9059AA3-0F63-499E-BF76-7A033F5CB101}.Debug|Win32.Build.0 = Debug|Win32
		{B9059AA3-0F63-499E-BF76-7A033F5CB101}.Release|Win32.ActiveCfg = Release|Win32
		{B9059AA3-0F63-499E-BF76-7A033F5CB101}.Release|Win32.Build.0 = Release|Win32
	EndGlobalSection
	GlobalSection(SolutionProperties) = preSolution
		HideSolutionNode = FALSE
	EndGlobalSection
EndGlobal
